
Microsoft Visual Studio Solution File, Format Version 11.00
# Visual Studio 2010
Project("{FAE04EC0-301F-11D3-BF4B-00C04F79EFBC}") = "Assembly-CSharp", "Assembly-CSharp.csproj", "{8e3d4e43-bb2a-0b30-a573-acdc95fa0f1b}"
EndProject
Project("{FAE04EC0-301F-11D3-BF4B-00C04F79EFBC}") = "Assembly-CSharp-firstpass", "Assembly-CSharp-firstpass.csproj", "{b50c70bb-4d26-6e54-3e11-dd7d5ef5c8c6}"
EndProject
Project("{FAE04EC0-301F-11D3-BF4B-00C04F79EFBC}") = "Assembly-CSharp-Editor", "Assembly-CSharp-Editor.csproj", "{6bab777a-a720-b10c-a9f2-1064938e98ef}"
EndProject
Global
	GlobalSection(SolutionConfigurationPlatforms) = preSolution
		Debug|Any CPU = Debug|Any CPU
	EndGlobalSection
	GlobalSection(ProjectConfigurationPlatforms) = postSolution
		{8e3d4e43-bb2a-0b30-a573-acdc95fa0f1b}.Debug|Any CPU.ActiveCfg = Debug|Any CPU
		{8e3d4e43-bb2a-0b30-a573-acdc95fa0f1b}.Debug|Any CPU.Build.0 = Debug|Any CPU
		{b50c70bb-4d26-6e54-3e11-dd7d5ef5c8c6}.Debug|Any CPU.ActiveCfg = Debug|Any CPU
		{b50c70bb-4d26-6e54-3e11-dd7d5ef5c8c6}.Debug|Any CPU.Build.0 = Debug|Any CPU
		{6bab777a-a720-b10c-a9f2-1064938e98ef}.Debug|Any CPU.ActiveCfg = Debug|Any CPU
		{6bab777a-a720-b10c-a9f2-1064938e98ef}.Debug|Any CPU.Build.0 = Debug|Any CPU
	EndGlobalSection
	GlobalSection(SolutionProperties) = preSolution
		HideSolutionNode = FALSE
	EndGlobalSection
EndGlobal
